
Microsoft Visual Studio Solution File, Format Version 12.00
# Visual Studio 15
VisualStudioVersion = 15.0.28307.902
MinimumVisualStudioVersion = 10.0.40219.1
Project("{8BC9CEB8-8B4A-11D0-8D11-00A0C91BC942}") = "Stinson Engine", "Source\Stinson Engine.vcxproj", "{F698310E-6CCF-42F6-BBB3-F240180B33BD}"
EndProject
Global
	GlobalSection(SolutionConfigurationPlatforms) = preSolution
		Debug|x64 = Debug|x64
		Debug|x86 = Debug|x86
		Release|x64 = Release|x64
		Release|x86 = Release|x86
	EndGlobalSection
	GlobalSection(ProjectConfigurationPlatforms) = postSolution
		{F698310E-6CCF-42F6-BBB3-F240180B33BD}.Debug|x64.ActiveCfg = Debug|x64
		{F698310E-6CCF-42F6-BBB3-F240180B33BD}.Debug|x64.Build.0 = Debug|x64
		{F698310E-6CCF-42F6-BBB3-F240180B33BD}.Debug|x86.ActiveCfg = Debug|Win32
		{F698310E-6CCF-42F6-BBB3-F240180B33BD}.Debug|x86.Build.0 = Debug|Win32
		{F698310E-6CCF-42F6-BBB3-F240180B33BD}.Release|x64.ActiveCfg = Release|x64
		{F698310E-6CCF-42F6-BBB3-F240180B33BD}.Release|x64.Build.0 = Release|x64
		{F698310E-6CCF-42F6-BBB3-F240180B33BD}.Release|x86.ActiveCfg = Release|Win32
		{F698310E-6CCF-42F6-BBB3-F240180B33BD}.Release|x86.Build.0 = Release|Win32
	EndGlobalSection
	GlobalSection(SolutionProperties) = preSolution
		HideSolutionNode = FALSE
	EndGlobalSection
	GlobalSection(ExtensibilityGlobals) = postSolution
		SolutionGuid = {F6EBFD6B-26A7-44A1-B707-9293F5353445}
	EndGlobalSection
EndGlobal
